// !$*UTF8*$!
{
	archiveVersion = 1;
	classes = {
	};
	objectVersion = 46;
	objects = {

/* Begin PBXBuildFile section */
		249D3C896FB9F728E3CF4F88 /* Pods_beerApplication.framework in Frameworks */ = {isa = PBXBuildFile; fileRef = 485D368F9784ECACE57D42A4 /* Pods_beerApplication.framework */; };
		E98216041E2FB7E800A2AB3C /* DetailViewController.swift in Sources */ = {isa = PBXBuildFile; fileRef = E98216031E2FB7E800A2AB3C /* DetailViewController.swift */; };
		E982842A1E29211E0054F7F9 /* SearchViewController.swift in Sources */ = {isa = PBXBuildFile; fileRef = E98284291E29211E0054F7F9 /* SearchViewController.swift */; };
		E9E0461F1E2D3DC700CD3867 /* SearchResultViewController.swift in Sources */ = {isa = PBXBuildFile; fileRef = E9E0461E1E2D3DC700CD3867 /* SearchResultViewController.swift */; };
		E9E046211E2D3E1100CD3867 /* BeerCellView.swift in Sources */ = {isa = PBXBuildFile; fileRef = E9E046201E2D3E1100CD3867 /* BeerCellView.swift */; };
		E9E046241E2D7F0800CD3867 /* MapKit.framework in Frameworks */ = {isa = PBXBuildFile; fileRef = E9E046231E2D7F0800CD3867 /* MapKit.framework */; };
		E9E19EF51E3024B500ABF003 /* Beer.swift in Sources */ = {isa = PBXBuildFile; fileRef = E9E19EF41E3024B500ABF003 /* Beer.swift */; };
		E9E239A01E302FF6002A81DF /* SavedViewController.swift in Sources */ = {isa = PBXBuildFile; fileRef = E9E2399F1E302FF6002A81DF /* SavedViewController.swift */; };
		E9E9F9C01E27D6D2004C226E /* AppDelegate.swift in Sources */ = {isa = PBXBuildFile; fileRef = E9E9F9BF1E27D6D2004C226E /* AppDelegate.swift */; };
		E9E9F9C21E27D6D2004C226E /* ViewController.swift in Sources */ = {isa = PBXBuildFile; fileRef = E9E9F9C11E27D6D2004C226E /* ViewController.swift */; };
		E9E9F9C71E27D6D2004C226E /* Assets.xcassets in Resources */ = {isa = PBXBuildFile; fileRef = E9E9F9C61E27D6D2004C226E /* Assets.xcassets */; };
		E9E9F9CA1E27D6D2004C226E /* LaunchScreen.storyboard in Resources */ = {isa = PBXBuildFile; fileRef = E9E9F9C81E27D6D2004C226E /* LaunchScreen.storyboard */; };
		E9E9F9D51E27D6D2004C226E /* beerApplicationTests.swift in Sources */ = {isa = PBXBuildFile; fileRef = E9E9F9D41E27D6D2004C226E /* beerApplicationTests.swift */; };
		E9E9F9E01E27D6D2004C226E /* beerApplicationUITests.swift in Sources */ = {isa = PBXBuildFile; fileRef = E9E9F9DF1E27D6D2004C226E /* beerApplicationUITests.swift */; };
		E9F328BE1E2EFC3C00CE10FE /* Main.storyboard in Resources */ = {isa = PBXBuildFile; fileRef = E9F328BC1E2EFC3C00CE10FE /* Main.storyboard */; };
/* End PBXBuildFile section */

/* Begin PBXContainerItemProxy section */
		E9E9F9D11E27D6D2004C226E /* PBXContainerItemProxy */ = {
			isa = PBXContainerItemProxy;
			containerPortal = E9E9F9B41E27D6D2004C226E /* Project object */;
			proxyType = 1;
			remoteGlobalIDString = E9E9F9BB1E27D6D2004C226E;
			remoteInfo = beerApplication;
		};
		E9E9F9DC1E27D6D2004C226E /* PBXContainerItemProxy */ = {
			isa = PBXContainerItemProxy;
			containerPortal = E9E9F9B41E27D6D2004C226E /* Project object */;
			proxyType = 1;
			remoteGlobalIDString = E9E9F9BB1E27D6D2004C226E;
			remoteInfo = beerApplication;
		};
/* End PBXContainerItemProxy section */

/* Begin PBXFileReference section */
		485D368F9784ECACE57D42A4 /* Pods_beerApplication.framework */ = {isa = PBXFileReference; explicitFileType = wrapper.framework; includeInIndex = 0; path = Pods_beerApplication.framework; sourceTree = BUILT_PRODUCTS_DIR; };
		4DEE5C12836F97F31FC27BE4 /* Pods-beerApplication.debug.xcconfig */ = {isa = PBXFileReference; includeInIndex = 1; lastKnownFileType = text.xcconfig; name = "Pods-beerApplication.debug.xcconfig"; path = "Pods/Target Support Files/Pods-beerApplication/Pods-beerApplication.debug.xcconfig"; sourceTree = "<group>"; };
		55E9597858D7FD84CA9B51D3 /* Pods_beerApplicationUITests.framework */ = {isa = PBXFileReference; explicitFileType = wrapper.framework; includeInIndex = 0; path = Pods_beerApplicationUITests.framework; sourceTree = BUILT_PRODUCTS_DIR; };
		B6E7BFC01A096146BE11A2CA /* Pods_beerApplicationTests.framework */ = {isa = PBXFileReference; explicitFileType = wrapper.framework; includeInIndex = 0; path = Pods_beerApplicationTests.framework; sourceTree = BUILT_PRODUCTS_DIR; };
		E587E0D9E7FE4D52A1B3A733 /* Pods-beerApplication.release.xcconfig */ = {isa = PBXFileReference; includeInIndex = 1; lastKnownFileType = text.xcconfig; name = "Pods-beerApplication.release.xcconfig"; path = "Pods/Target Support Files/Pods-beerApplication/Pods-beerApplication.release.xcconfig"; sourceTree = "<group>"; };
		E98216031E2FB7E800A2AB3C /* DetailViewController.swift */ = {isa = PBXFileReference; fileEncoding = 4; lastKnownFileType = sourcecode.swift; path = DetailViewController.swift; sourceTree = "<group>"; };
		E98284291E29211E0054F7F9 /* SearchViewController.swift */ = {isa = PBXFileReference; fileEncoding = 4; lastKnownFileType = sourcecode.swift; path = SearchViewController.swift; sourceTree = "<group>"; };
		E9E0461E1E2D3DC700CD3867 /* SearchResultViewController.swift */ = {isa = PBXFileReference; fileEncoding = 4; lastKnownFileType = sourcecode.swift; path = SearchResultViewController.swift; sourceTree = "<group>"; };
		E9E046201E2D3E1100CD3867 /* BeerCellView.swift */ = {isa = PBXFileReference; fileEncoding = 4; lastKnownFileType = sourcecode.swift; path = BeerCellView.swift; sourceTree = "<group>"; };
		E9E046231E2D7F0800CD3867 /* MapKit.framework */ = {isa = PBXFileReference; lastKnownFileType = wrapper.framework; name = MapKit.framework; path = System/Library/Frameworks/MapKit.framework; sourceTree = SDKROOT; };
		E9E19EF41E3024B500ABF003 /* Beer.swift */ = {isa = PBXFileReference; fileEncoding = 4; lastKnownFileType = sourcecode.swift; path = Beer.swift; sourceTree = "<group>"; };
		E9E2399F1E302FF6002A81DF /* SavedViewController.swift */ = {isa = PBXFileReference; fileEncoding = 4; lastKnownFileType = sourcecode.swift; path = SavedViewController.swift; sourceTree = "<group>"; };
		E9E9F9BC1E27D6D2004C226E /* beerApplication.app */ = {isa = PBXFileReference; explicitFileType = wrapper.application; includeInIndex = 0; path = beerApplication.app; sourceTree = BUILT_PRODUCTS_DIR; };
		E9E9F9BF1E27D6D2004C226E /* AppDelegate.swift */ = {isa = PBXFileReference; lastKnownFileType = sourcecode.swift; path = AppDelegate.swift; sourceTree = "<group>"; };
		E9E9F9C11E27D6D2004C226E /* ViewController.swift */ = {isa = PBXFileReference; lastKnownFileType = sourcecode.swift; path = ViewController.swift; sourceTree = "<group>"; };
		E9E9F9C61E27D6D2004C226E /* Assets.xcassets */ = {isa = PBXFileReference; lastKnownFileType = folder.assetcatalog; path = Assets.xcassets; sourceTree = "<group>"; };
		E9E9F9C91E27D6D2004C226E /* Base */ = {isa = PBXFileReference; lastKnownFileType = file.storyboard; name = Base; path = Base.lproj/LaunchScreen.storyboard; sourceTree = "<group>"; };
		E9E9F9CB1E27D6D2004C226E /* Info.plist */ = {isa = PBXFileReference; lastKnownFileType = text.plist.xml; path = Info.plist; sourceTree = "<group>"; };
		E9E9F9D01E27D6D2004C226E /* beerApplicationTests.xctest */ = {isa = PBXFileReference; explicitFileType = wrapper.cfbundle; includeInIndex = 0; path = beerApplicationTests.xctest; sourceTree = BUILT_PRODUCTS_DIR; };
		E9E9F9D41E27D6D2004C226E /* beerApplicationTests.swift */ = {isa = PBXFileReference; lastKnownFileType = sourcecode.swift; path = beerApplicationTests.swift; sourceTree = "<group>"; };
		E9E9F9D61E27D6D2004C226E /* Info.plist */ = {isa = PBXFileReference; lastKnownFileType = text.plist.xml; path = Info.plist; sourceTree = "<group>"; };
		E9E9F9DB1E27D6D2004C226E /* beerApplicationUITests.xctest */ = {isa = PBXFileReference; explicitFileType = wrapper.cfbundle; includeInIndex = 0; path = beerApplicationUITests.xctest; sourceTree = BUILT_PRODUCTS_DIR; };
		E9E9F9DF1E27D6D2004C226E /* beerApplicationUITests.swift */ = {isa = PBXFileReference; lastKnownFileType = sourcecode.swift; path = beerApplicationUITests.swift; sourceTree = "<group>"; };
		E9E9F9E11E27D6D2004C226E /* Info.plist */ = {isa = PBXFileReference; lastKnownFileType = text.plist.xml; path = Info.plist; sourceTree = "<group>"; };
		E9F328BD1E2EFC3C00CE10FE /* Base */ = {isa = PBXFileReference; lastKnownFileType = file.storyboard; name = Base; path = Base.lproj/Main.storyboard; sourceTree = "<group>"; };
/* End PBXFileReference section */

/* Begin PBXFrameworksBuildPhase section */
		E9E9F9B91E27D6D2004C226E /* Frameworks */ = {
			isa = PBXFrameworksBuildPhase;
			buildActionMask = 2147483647;
			files = (
				E9E046241E2D7F0800CD3867 /* MapKit.framework in Frameworks */,
				249D3C896FB9F728E3CF4F88 /* Pods_beerApplication.framework in Frameworks */,
			);
			runOnlyForDeploymentPostprocessing = 0;
		};
		E9E9F9CD1E27D6D2004C226E /* Frameworks */ = {
			isa = PBXFrameworksBuildPhase;
			buildActionMask = 2147483647;
			files = (
			);
			runOnlyForDeploymentPostprocessing = 0;
		};
		E9E9F9D81E27D6D2004C226E /* Frameworks */ = {
			isa = PBXFrameworksBuildPhase;
			buildActionMask = 2147483647;
			files = (
			);
			runOnlyForDeploymentPostprocessing = 0;
		};
/* End PBXFrameworksBuildPhase section */

/* Begin PBXGroup section */
		01C562D651FDC22048261FCC /* Pods */ = {
			isa = PBXGroup;
			children = (
				4DEE5C12836F97F31FC27BE4 /* Pods-beerApplication.debug.xcconfig */,
				E587E0D9E7FE4D52A1B3A733 /* Pods-beerApplication.release.xcconfig */,
			);
			name = Pods;
			sourceTree = "<group>";
		};
		E93C43CB1E34E6D800B5E5A6 /* ViewControllers */ = {
			isa = PBXGroup;
			children = (
				E9E2399F1E302FF6002A81DF /* SavedViewController.swift */,
				E98216031E2FB7E800A2AB3C /* DetailViewController.swift */,
				E9E0461E1E2D3DC700CD3867 /* SearchResultViewController.swift */,
				E98284291E29211E0054F7F9 /* SearchViewController.swift */,
				E9E9F9C11E27D6D2004C226E /* ViewController.swift */,
			);
			name = ViewControllers;
			sourceTree = "<group>";
		};
		E93C43CC1E34E6EF00B5E5A6 /* Model */ = {
			isa = PBXGroup;
			children = (
				E9E19EF41E3024B500ABF003 /* Beer.swift */,
			);
			name = Model;
			sourceTree = "<group>";
		};
		E93C43CD1E34E6F800B5E5A6 /* View */ = {
			isa = PBXGroup;
			children = (
				E9E046201E2D3E1100CD3867 /* BeerCellView.swift */,
			);
			name = View;
			sourceTree = "<group>";
		};
		E9E046221E2D7F0800CD3867 /* Frameworks */ = {
			isa = PBXGroup;
			children = (
				E9E046231E2D7F0800CD3867 /* MapKit.framework */,
				485D368F9784ECACE57D42A4 /* Pods_beerApplication.framework */,
				B6E7BFC01A096146BE11A2CA /* Pods_beerApplicationTests.framework */,
				55E9597858D7FD84CA9B51D3 /* Pods_beerApplicationUITests.framework */,
			);
			name = Frameworks;
			sourceTree = "<group>";
		};
		E9E9F9B31E27D6D2004C226E = {
			isa = PBXGroup;
			children = (
				E9E9F9BE1E27D6D2004C226E /* beerApplication */,
				E9E9F9D31E27D6D2004C226E /* beerApplicationTests */,
				E9E9F9DE1E27D6D2004C226E /* beerApplicationUITests */,
				E9E9F9BD1E27D6D2004C226E /* Products */,
				E9E046221E2D7F0800CD3867 /* Frameworks */,
				01C562D651FDC22048261FCC /* Pods */,
			);
			sourceTree = "<group>";
		};
		E9E9F9BD1E27D6D2004C226E /* Products */ = {
			isa = PBXGroup;
			children = (
				E9E9F9BC1E27D6D2004C226E /* beerApplication.app */,
				E9E9F9D01E27D6D2004C226E /* beerApplicationTests.xctest */,
				E9E9F9DB1E27D6D2004C226E /* beerApplicationUITests.xctest */,
			);
			name = Products;
			sourceTree = "<group>";
		};
		E9E9F9BE1E27D6D2004C226E /* beerApplication */ = {
			isa = PBXGroup;
			children = (
				E93C43CD1E34E6F800B5E5A6 /* View */,
				E93C43CC1E34E6EF00B5E5A6 /* Model */,
				E93C43CB1E34E6D800B5E5A6 /* ViewControllers */,
				E9E9F9BF1E27D6D2004C226E /* AppDelegate.swift */,
				E9F328BC1E2EFC3C00CE10FE /* Main.storyboard */,
				E9E9F9C61E27D6D2004C226E /* Assets.xcassets */,
				E9E9F9C81E27D6D2004C226E /* LaunchScreen.storyboard */,
				E9E9F9CB1E27D6D2004C226E /* Info.plist */,
			);
			path = beerApplication;
			sourceTree = "<group>";
		};
		E9E9F9D31E27D6D2004C226E /* beerApplicationTests */ = {
			isa = PBXGroup;
			children = (
				E9E9F9D41E27D6D2004C226E /* beerApplicationTests.swift */,
				E9E9F9D61E27D6D2004C226E /* Info.plist */,
			);
			path = beerApplicationTests;
			sourceTree = "<group>";
		};
		E9E9F9DE1E27D6D2004C226E /* beerApplicationUITests */ = {
			isa = PBXGroup;
			children = (
				E9E9F9DF1E27D6D2004C226E /* beerApplicationUITests.swift */,
				E9E9F9E11E27D6D2004C226E /* Info.plist */,
			);
			path = beerApplicationUITests;
			sourceTree = "<group>";
		};
/* End PBXGroup section */

/* Begin PBXNativeTarget section */
		E9E9F9BB1E27D6D2004C226E /* beerApplication */ = {
			isa = PBXNativeTarget;
			buildConfigurationList = E9E9F9E41E27D6D2004C226E /* Build configuration list for PBXNativeTarget "beerApplication" */;
			buildPhases = (
				D6770D55DA5175EC38B85A5A /* [CP] Check Pods Manifest.lock */,
				E9E9F9B81E27D6D2004C226E /* Sources */,
				E9E9F9B91E27D6D2004C226E /* Frameworks */,
				E9E9F9BA1E27D6D2004C226E /* Resources */,
				FD06F3AD3CC8397FE22670D8 /* [CP] Embed Pods Frameworks */,
				D43B5CA526EF3A464B5030FB /* [CP] Copy Pods Resources */,
			);
			buildRules = (
			);
			dependencies = (
			);
			name = beerApplication;
			productName = beerApplication;
			productReference = E9E9F9BC1E27D6D2004C226E /* beerApplication.app */;
			productType = "com.apple.product-type.application";
		};
		E9E9F9CF1E27D6D2004C226E /* beerApplicationTests */ = {
			isa = PBXNativeTarget;
			buildConfigurationList = E9E9F9E71E27D6D2004C226E /* Build configuration list for PBXNativeTarget "beerApplicationTests" */;
			buildPhases = (
				E9E9F9CC1E27D6D2004C226E /* Sources */,
				E9E9F9CD1E27D6D2004C226E /* Frameworks */,
				E9E9F9CE1E27D6D2004C226E /* Resources */,
			);
			buildRules = (
			);
			dependencies = (
				E9E9F9D21E27D6D2004C226E /* PBXTargetDependency */,
			);
			name = beerApplicationTests;
			productName = beerApplicationTests;
			productReference = E9E9F9D01E27D6D2004C226E /* beerApplicationTests.xctest */;
			productType = "com.apple.product-type.bundle.unit-test";
		};
		E9E9F9DA1E27D6D2004C226E /* beerApplicationUITests */ = {
			isa = PBXNativeTarget;
			buildConfigurationList = E9E9F9EA1E27D6D2004C226E /* Build configuration list for PBXNativeTarget "beerApplicationUITests" */;
			buildPhases = (
				E9E9F9D71E27D6D2004C226E /* Sources */,
				E9E9F9D81E27D6D2004C226E /* Frameworks */,
				E9E9F9D91E27D6D2004C226E /* Resources */,
			);
			buildRules = (
			);
			dependencies = (
				E9E9F9DD1E27D6D2004C226E /* PBXTargetDependency */,
			);
			name = beerApplicationUITests;
			productName = beerApplicationUITests;
			productReference = E9E9F9DB1E27D6D2004C226E /* beerApplicationUITests.xctest */;
			productType = "com.apple.product-type.bundle.ui-testing";
		};
/* End PBXNativeTarget section */

/* Begin PBXProject section */
		E9E9F9B41E27D6D2004C226E /* Project object */ = {
			isa = PBXProject;
			attributes = {
				LastSwiftUpdateCheck = 0810;
				LastUpgradeCheck = 0810;
				ORGANIZATIONNAME = "Thomas Laisnez";
				TargetAttributes = {
					E9E9F9BB1E27D6D2004C226E = {
						CreatedOnToolsVersion = 8.1;
						ProvisioningStyle = Automatic;
						SystemCapabilities = {
							com.apple.Maps.iOS = {
								enabled = 1;
							};
						};
					};
					E9E9F9CF1E27D6D2004C226E = {
						CreatedOnToolsVersion = 8.1;
						ProvisioningStyle = Automatic;
						TestTargetID = E9E9F9BB1E27D6D2004C226E;
					};
					E9E9F9DA1E27D6D2004C226E = {
						CreatedOnToolsVersion = 8.1;
						ProvisioningStyle = Automatic;
						TestTargetID = E9E9F9BB1E27D6D2004C226E;
					};
				};
			};
			buildConfigurationList = E9E9F9B71E27D6D2004C226E /* Build configuration list for PBXProject "beerApplication" */;
			compatibilityVersion = "Xcode 3.2";
			developmentRegion = English;
			hasScannedForEncodings = 0;
			knownRegions = (
				en,
				Base,
			);
			mainGroup = E9E9F9B31E27D6D2004C226E;
			productRefGroup = E9E9F9BD1E27D6D2004C226E /* Products */;
			projectDirPath = "";
			projectRoot = "";
			targets = (
				E9E9F9BB1E27D6D2004C226E /* beerApplication */,
				E9E9F9CF1E27D6D2004C226E /* beerApplicationTests */,
				E9E9F9DA1E27D6D2004C226E /* beerApplicationUITests */,
			);
		};
/* End PBXProject section */

/* Begin PBXResourcesBuildPhase section */
		E9E9F9BA1E27D6D2004C226E /* Resources */ = {
			isa = PBXResourcesBuildPhase;
			buildActionMask = 2147483647;
			files = (
				E9F328BE1E2EFC3C00CE10FE /* Main.storyboard in Resources */,
				E9E9F9CA1E27D6D2004C226E /* LaunchScreen.storyboard in Resources */,
				E9E9F9C71E27D6D2004C226E /* Assets.xcassets in Resources */,
			);
			runOnlyForDeploymentPostprocessing = 0;
		};
		E9E9F9CE1E27D6D2004C226E /* Resources */ = {
			isa = PBXResourcesBuildPhase;
			buildActionMask = 2147483647;
			files = (
			);
			runOnlyForDeploymentPostprocessing = 0;
		};
		E9E9F9D91E27D6D2004C226E /* Resources */ = {
			isa = PBXResourcesBuildPhase;
			buildActionMask = 2147483647;
			files = (
			);
			runOnlyForDeploymentPostprocessing = 0;
		};
/* End PBXResourcesBuildPhase section */

/* Begin PBXShellScriptBuildPhase section */
		D43B5CA526EF3A464B5030FB /* [CP] Copy Pods Resources */ = {
			isa = PBXShellScriptBuildPhase;
			buildActionMask = 2147483647;
			files = (
			);
			inputPaths = (
			);
			name = "[CP] Copy Pods Resources";
			outputPaths = (
			);
			runOnlyForDeploymentPostprocessing = 0;
			shellPath = /bin/sh;
			shellScript = "\"${SRCROOT}/Pods/Target Support Files/Pods-beerApplication/Pods-beerApplication-resources.sh\"\n";
			showEnvVarsInLog = 0;
		};
		D6770D55DA5175EC38B85A5A /* [CP] Check Pods Manifest.lock */ = {
			isa = PBXShellScriptBuildPhase;
			buildActionMask = 2147483647;
			files = (
			);
			inputPaths = (
			);
			name = "[CP] Check Pods Manifest.lock";
			outputPaths = (
			);
			runOnlyForDeploymentPostprocessing = 0;
			shellPath = /bin/sh;
			shellScript = "diff \"${PODS_ROOT}/../Podfile.lock\" \"${PODS_ROOT}/Manifest.lock\" > /dev/null\nif [ $? != 0 ] ; then\n    # print error to STDERR\n    echo \"error: The sandbox is not in sync with the Podfile.lock. Run 'pod install' or update your CocoaPods installation.\" >&2\n    exit 1\nfi\n";
			showEnvVarsInLog = 0;
		};
		FD06F3AD3CC8397FE22670D8 /* [CP] Embed Pods Frameworks */ = {
			isa = PBXShellScriptBuildPhase;
			buildActionMask = 2147483647;
			files = (
			);
			inputPaths = (
			);
			name = "[CP] Embed Pods Frameworks";
			outputPaths = (
			);
			runOnlyForDeploymentPostprocessing = 0;
			shellPath = /bin/sh;
			shellScript = "\"${SRCROOT}/Pods/Target Support Files/Pods-beerApplication/Pods-beerApplication-frameworks.sh\"\n";
			showEnvVarsInLog = 0;
		};
/* End PBXShellScriptBuildPhase section */

/* Begin PBXSourcesBuildPhase section */
		E9E9F9B81E27D6D2004C226E /* Sources */ = {
			isa = PBXSourcesBuildPhase;
			buildActionMask = 2147483647;
			files = (
				E982842A1E29211E0054F7F9 /* SearchViewController.swift in Sources */,
				E9E0461F1E2D3DC700CD3867 /* SearchResultViewController.swift in Sources */,
				E9E046211E2D3E1100CD3867 /* BeerCellView.swift in Sources */,
				E98216041E2FB7E800A2AB3C /* DetailViewController.swift in Sources */,
				E9E9F9C21E27D6D2004C226E /* ViewController.swift in Sources */,
				E9E19EF51E3024B500ABF003 /* Beer.swift in Sources */,
				E9E239A01E302FF6002A81DF /* SavedViewController.swift in Sources */,
				E9E9F9C01E27D6D2004C226E /* AppDelegate.swift in Sources */,
			);
			runOnlyForDeploymentPostprocessing = 0;
		};
		E9E9F9CC1E27D6D2004C226E /* Sources */ = {
			isa = PBXSourcesBuildPhase;
			buildActionMask = 2147483647;
			files = (
				E9E9F9D51E27D6D2004C226E /* beerApplicationTests.swift in Sources */,
			);
			runOnlyForDeploymentPostprocessing = 0;
		};
		E9E9F9D71E27D6D2004C226E /* Sources */ = {
			isa = PBXSourcesBuildPhase;
			buildActionMask = 2147483647;
			files = (
				E9E9F9E01E27D6D2004C226E /* beerApplicationUITests.swift in Sources */,
			);
			runOnlyForDeploymentPostprocessing = 0;
		};
/* End PBXSourcesBuildPhase section */

/* Begin PBXTargetDependency section */
		E9E9F9D21E27D6D2004C226E /* PBXTargetDependency */ = {
			isa = PBXTargetDependency;
			target = E9E9F9BB1E27D6D2004C226E /* beerApplication */;
			targetProxy = E9E9F9D11E27D6D2004C226E /* PBXContainerItemProxy */;
		};
		E9E9F9DD1E27D6D2004C226E /* PBXTargetDependency */ = {
			isa = PBXTargetDependency;
			target = E9E9F9BB1E27D6D2004C226E /* beerApplication */;
			targetProxy = E9E9F9DC1E27D6D2004C226E /* PBXContainerItemProxy */;
		};
/* End PBXTargetDependency section */

/* Begin PBXVariantGroup section */
		E9E9F9C81E27D6D2004C226E /* LaunchScreen.storyboard */ = {
			isa = PBXVariantGroup;
			children = (
				E9E9F9C91E27D6D2004C226E /* Base */,
			);
			name = LaunchScreen.storyboard;
			sourceTree = "<group>";
		};
		E9F328BC1E2EFC3C00CE10FE /* Main.storyboard */ = {
			isa = PBXVariantGroup;
			children = (
				E9F328BD1E2EFC3C00CE10FE /* Base */,
			);
			name = Main.storyboard;
			sourceTree = "<group>";
		};
/* End PBXVariantGroup section */

/* Begin XCBuildConfiguration section */
		E9E9F9E21E27D6D2004C226E /* Debug */ = {
			isa = XCBuildConfiguration;
			buildSettings = {
				ALWAYS_SEARCH_USER_PATHS = NO;
				CLANG_ANALYZER_NONNULL = YES;
				CLANG_CXX_LANGUAGE_STANDARD = "gnu++0x";
				CLANG_CXX_LIBRARY = "libc++";
				CLANG_ENABLE_MODULES = YES;
				CLANG_ENABLE_OBJC_ARC = YES;
				CLANG_WARN_BOOL_CONVERSION = YES;
				CLANG_WARN_CONSTANT_CONVERSION = YES;
				CLANG_WARN_DIRECT_OBJC_ISA_USAGE = YES_ERROR;
				CLANG_WARN_DOCUMENTATION_COMMENTS = YES;
				CLANG_WARN_EMPTY_BODY = YES;
				CLANG_WARN_ENUM_CONVERSION = YES;
				CLANG_WARN_INFINITE_RECURSION = YES;
				CLANG_WARN_INT_CONVERSION = YES;
				CLANG_WARN_OBJC_ROOT_CLASS = YES_ERROR;
				CLANG_WARN_SUSPICIOUS_MOVE = YES;
				CLANG_WARN_SUSPICIOUS_MOVES = YES;
				CLANG_WARN_UNREACHABLE_CODE = YES;
				CLANG_WARN__DUPLICATE_METHOD_MATCH = YES;
				"CODE_SIGN_IDENTITY[sdk=iphoneos*]" = "iPhone Developer";
				COPY_PHASE_STRIP = NO;
				DEBUG_INFORMATION_FORMAT = dwarf;
				ENABLE_STRICT_OBJC_MSGSEND = YES;
				ENABLE_TESTABILITY = YES;
				GCC_C_LANGUAGE_STANDARD = gnu99;
				GCC_DYNAMIC_NO_PIC = NO;
				GCC_NO_COMMON_BLOCKS = YES;
				GCC_OPTIMIZATION_LEVEL = 0;
				GCC_PREPROCESSOR_DEFINITIONS = (
					"DEBUG=1",
					"$(inherited)",
				);
				GCC_WARN_64_TO_32_BIT_CONVERSION = YES;
				GCC_WARN_ABOUT_RETURN_TYPE = YES_ERROR;
				GCC_WARN_UNDECLARED_SELECTOR = YES;
				GCC_WARN_UNINITIALIZED_AUTOS = YES_AGGRESSIVE;
				GCC_WARN_UNUSED_FUNCTION = YES;
				GCC_WARN_UNUSED_VARIABLE = YES;
				IPHONEOS_DEPLOYMENT_TARGET = 10.1;
				MTL_ENABLE_DEBUG_INFO = YES;
				ONLY_ACTIVE_ARCH = YES;
				SDKROOT = iphoneos;
				SWIFT_ACTIVE_COMPILATION_CONDITIONS = DEBUG;
				SWIFT_OPTIMIZATION_LEVEL = "-Onone";
			};
			name = Debug;
		};
		E9E9F9E31E27D6D2004C226E /* Release */ = {
			isa = XCBuildConfiguration;
			buildSettings = {
				ALWAYS_SEARCH_USER_PATHS = NO;
				CLANG_ANALYZER_NONNULL = YES;
				CLANG_CXX_LANGUAGE_STANDARD = "gnu++0x";
				CLANG_CXX_LIBRARY = "libc++";
				CLANG_ENABLE_MODULES = YES;
				CLANG_ENABLE_OBJC_ARC = YES;
				CLANG_WARN_BOOL_CONVERSION = YES;
				CLANG_WARN_CONSTANT_CONVERSION = YES;
				CLANG_WARN_DIRECT_OBJC_ISA_USAGE = YES_ERROR;
				CLANG_WARN_DOCUMENTATION_COMMENTS = YES;
				CLANG_WARN_EMPTY_BODY = YES;
				CLANG_WARN_ENUM_CONVERSION = YES;
				CLANG_WARN_INFINITE_RECURSION = YES;
				CLANG_WARN_INT_CONVERSION = YES;
				CLANG_WARN_OBJC_ROOT_CLASS = YES_ERROR;
				CLANG_WARN_SUSPICIOUS_MOVE = YES;
				CLANG_WARN_SUSPICIOUS_MOVES = YES;
				CLANG_WARN_UNREACHABLE_CODE = YES;
				CLANG_WARN__DUPLICATE_METHOD_MATCH = YES;
				"CODE_SIGN_IDENTITY[sdk=iphoneos*]" = "iPhone Developer";
				COPY_PHASE_STRIP = NO;
				DEBUG_INFORMATION_FORMAT = "dwarf-with-dsym";
				ENABLE_NS_ASSERTIONS = NO;
				ENABLE_STRICT_OBJC_MSGSEND = YES;
				GCC_C_LANGUAGE_STANDARD = gnu99;
				GCC_NO_COMMON_BLOCKS = YES;
				GCC_WARN_64_TO_32_BIT_CONVERSION = YES;
				GCC_WARN_ABOUT_RETURN_TYPE = YES_ERROR;
				GCC_WARN_UNDECLARED_SELECTOR = YES;
				GCC_WARN_UNINITIALIZED_AUTOS = YES_AGGRESSIVE;
				GCC_WARN_UNUSED_FUNCTION = YES;
				GCC_WARN_UNUSED_VARIABLE = YES;
				IPHONEOS_DEPLOYMENT_TARGET = 10.1;
				MTL_ENABLE_DEBUG_INFO = NO;
				SDKROOT = iphoneos;
				SWIFT_OPTIMIZATION_LEVEL = "-Owholemodule";
				VALIDATE_PRODUCT = YES;
			};
			name = Release;
		};
		E9E9F9E51E27D6D2004C226E /* Debug */ = {
			isa = XCBuildConfiguration;
			baseConfigurationReference = 4DEE5C12836F97F31FC27BE4 /* Pods-beerApplication.debug.xcconfig */;
			buildSettings = {
				ALWAYS_EMBED_SWIFT_STANDARD_LIBRARIES = YES;
				ASSETCATALOG_COMPILER_APPICON_NAME = AppIcon;
				INFOPLIST_FILE = beerApplication/Info.plist;
				LD_RUNPATH_SEARCH_PATHS = "$(inherited) @executable_path/Frameworks";
				PRODUCT_BUNDLE_IDENTIFIER = thomaslaisnez.beerApplication;
				PRODUCT_NAME = "$(TARGET_NAME)";
				SWIFT_VERSION = 3.0;
			};
			name = Debug;
		};
		E9E9F9E61E27D6D2004C226E /* Release */ = {
			isa = XCBuildConfiguration;
			baseConfigurationReference = E587E0D9E7FE4D52A1B3A733 /* Pods-beerApplication.release.xcconfig */;
			buildSettings = {
				ALWAYS_EMBED_SWIFT_STANDARD_LIBRARIES = YES;
				ASSETCATALOG_COMPILER_APPICON_NAME = AppIcon;
				INFOPLIST_FILE = beerApplication/Info.plist;
				LD_RUNPATH_SEARCH_PATHS = "$(inherited) @executable_path/Frameworks";
				PRODUCT_BUNDLE_IDENTIFIER = thomaslaisnez.beerApplication;
				PRODUCT_NAME = "$(TARGET_NAME)";
				SWIFT_VERSION = 3.0;
			};
			name = Release;
		};
		E9E9F9E81E27D6D2004C226E /* Debug */ = {
			isa = XCBuildConfiguration;
			buildSettings = {
				ALWAYS_EMBED_SWIFT_STANDARD_LIBRARIES = YES;
				BUNDLE_LOADER = "$(TEST_HOST)";
				INFOPLIST_FILE = beerApplicationTests/Info.plist;
				LD_RUNPATH_SEARCH_PATHS = "$(inherited) @executable_path/Frameworks @loader_path/Frameworks";
				PRODUCT_BUNDLE_IDENTIFIER = thomaslaisnez.beerApplicationTests;
				PRODUCT_NAME = "$(TARGET_NAME)";
				SWIFT_VERSION = 3.0;
				TEST_HOST = "$(BUILT_PRODUCTS_DIR)/beerApplication.app/beerApplication";
			};
			name = Debug;
		};
		E9E9F9E91E27D6D2004C226E /* Release */ = {
			isa = XCBuildConfiguration;
			buildSettings = {
				ALWAYS_EMBED_SWIFT_STANDARD_LIBRARIES = YES;
				BUNDLE_LOADER = "$(TEST_HOST)";
				INFOPLIST_FILE = beerApplicationTests/Info.plist;
				LD_RUNPATH_SEARCH_PATHS = "$(inherited) @executable_path/Frameworks @loader_path/Frameworks";
				PRODUCT_BUNDLE_IDENTIFIER = thomaslaisnez.beerApplicationTests;
				PRODUCT_NAME = "$(TARGET_NAME)";
				SWIFT_VERSION = 3.0;
				TEST_HOST = "$(BUILT_PRODUCTS_DIR)/beerApplication.app/beerApplication";
			};
			name = Release;
		};
		E9E9F9EB1E27D6D2004C226E /* Debug */ = {
			isa = XCBuildConfiguration;
			buildSettings = {
				ALWAYS_EMBED_SWIFT_STANDARD_LIBRARIES = YES;
				INFOPLIST_FILE = beerApplicationUITests/Info.plist;
				LD_RUNPATH_SEARCH_PATHS = "$(inherited) @executable_path/Frameworks @loader_path/Frameworks";
				PRODUCT_BUNDLE_IDENTIFIER = thomaslaisnez.beerApplicationUITests;
				PRODUCT_NAME = "$(TARGET_NAME)";
				SWIFT_VERSION = 3.0;
				TEST_TARGET_NAME = beerApplication;
			};
			name = Debug;
		};
		E9E9F9EC1E27D6D2004C226E /* Release */ = {
			isa = XCBuildConfiguration;
			buildSettings = {
				ALWAYS_EMBED_SWIFT_STANDARD_LIBRARIES = YES;
				INFOPLIST_FILE = beerApplicationUITests/Info.plist;
				LD_RUNPATH_SEARCH_PATHS = "$(inherited) @executable_path/Frameworks @loader_path/Frameworks";
				PRODUCT_BUNDLE_IDENTIFIER = thomaslaisnez.beerApplicationUITests;
				PRODUCT_NAME = "$(TARGET_NAME)";
				SWIFT_VERSION = 3.0;
				TEST_TARGET_NAME = beerApplication;
			};
			name = Release;
		};
/* End XCBuildConfiguration section */

/* Begin XCConfigurationList section */
		E9E9F9B71E27D6D2004C226E /* Build configuration list for PBXProject "beerApplication" */ = {
			isa = XCConfigurationList;
			buildConfigurations = (
				E9E9F9E21E27D6D2004C226E /* Debug */,
				E9E9F9E31E27D6D2004C226E /* Release */,
			);
			defaultConfigurationIsVisible = 0;
			defaultConfigurationName = Release;
		};
		E9E9F9E41E27D6D2004C226E /* Build configuration list for PBXNativeTarget "beerApplication" */ = {
			isa = XCConfigurationList;
			buildConfigurations = (
				E9E9F9E51E27D6D2004C226E /* Debug */,
				E9E9F9E61E27D6D2004C226E /* Release */,
			);
			defaultConfigurationIsVisible = 0;
			defaultConfigurationName = Release;
		};
		E9E9F9E71E27D6D2004C226E /* Build configuration list for PBXNativeTarget "beerApplicationTests" */ = {
			isa = XCConfigurationList;
			buildConfigurations = (
				E9E9F9E81E27D6D2004C226E /* Debug */,
				E9E9F9E91E27D6D2004C226E /* Release */,
			);
			defaultConfigurationIsVisible = 0;
			defaultConfigurationName = Release;
		};
		E9E9F9EA1E27D6D2004C226E /* Build configuration list for PBXNativeTarget "beerApplicationUITests" */ = {
			isa = XCConfigurationList;
			buildConfigurations = (
				E9E9F9EB1E27D6D2004C226E /* Debug */,
				E9E9F9EC1E27D6D2004C226E /* Release */,
			);
			defaultConfigurationIsVisible = 0;
			defaultConfigurationName = Release;
		};
/* End XCConfigurationList section */
	};
	rootObject = E9E9F9B41E27D6D2004C226E /* Project object */;
}
